
Microsoft Visual Studio Solution File, Format Version 12.00
# Visual Studio 2012
Project("{FAE04EC0-301F-11D3-BF4B-00C04F79EFBC}") = "Core", "Core\Core.csproj", "{23CF7474-5092-4C05-86B4-F8F07FCBAE3D}"
EndProject
Project("{FAE04EC0-301F-11D3-BF4B-00C04F79EFBC}") = "Demo", "Demo\Demo.csproj", "{FBD6C527-4415-438B-BEFF-3BEF565D5987}"
EndProject
Global
	GlobalSection(SolutionConfigurationPlatforms) = preSolution
		Debug|Any CPU = Debug|Any CPU
		Release|Any CPU = Release|Any CPU
	EndGlobalSection
	GlobalSection(ProjectConfigurationPlatforms) = postSolution
		{23CF7474-5092-4C05-86B4-F8F07FCBAE3D}.Debug|Any CPU.ActiveCfg = Debug|Any CPU
		{23CF7474-5092-4C05-86B4-F8F07FCBAE3D}.Debug|Any CPU.Build.0 = Debug|Any CPU
		{23CF7474-5092-4C05-86B4-F8F07FCBAE3D}.Release|Any CPU.ActiveCfg = Release|Any CPU
		{23CF7474-5092-4C05-86B4-F8F07FCBAE3D}.Release|Any CPU.Build.0 = Release|Any CPU
		{FBD6C527-4415-438B-BEFF-3BEF565D5987}.Debug|Any CPU.ActiveCfg = Debug|Any CPU
		{FBD6C527-4415-438B-BEFF-3BEF565D5987}.Debug|Any CPU.Build.0 = Debug|Any CPU
		{FBD6C527-4415-438B-BEFF-3BEF565D5987}.Release|Any CPU.ActiveCfg = Release|Any CPU
		{FBD6C527-4415-438B-BEFF-3BEF565D5987}.Release|Any CPU.Build.0 = Release|Any CPU
	EndGlobalSection
	GlobalSection(SolutionProperties) = preSolution
		HideSolutionNode = FALSE
	EndGlobalSection
EndGlobal
